// !$*UTF8*$!
{
	archiveVersion = 1;
	classes = {
	};
	objectVersion = 56;
	objects = {

/* Begin PBXBuildFile section */
		D77302FA05614DD5DF55A76D /* Pods_study_OC.framework in Frameworks */ = {isa = PBXBuildFile; fileRef = E7E2E418AC23E67CB0E04512 /* Pods_study_OC.framework */; };
		E103E19D2A8D1B1C003EFD59 /* UIImageVIewViewController.m in Sources */ = {isa = PBXBuildFile; fileRef = E103E19C2A8D1B1C003EFD59 /* UIImageVIewViewController.m */; };
		E12B2A992A8D12DC0060EA75 /* UIButtonViewController.m in Sources */ = {isa = PBXBuildFile; fileRef = E12B2A982A8D12DC0060EA75 /* UIButtonViewController.m */; };
		E12B2A9C2A8D13000060EA75 /* UIButton+Extension.m in Sources */ = {isa = PBXBuildFile; fileRef = E12B2A9B2A8D13000060EA75 /* UIButton+Extension.m */; };
		E12B2AA02A8D15250060EA75 /* UITextViewViewController.m in Sources */ = {isa = PBXBuildFile; fileRef = E12B2A9F2A8D15250060EA75 /* UITextViewViewController.m */; };
		E12B2AA42A8D16160060EA75 /* UILabelViewController.m in Sources */ = {isa = PBXBuildFile; fileRef = E12B2AA32A8D16160060EA75 /* UILabelViewController.m */; };
		E12B2AA72A8D16FF0060EA75 /* UILabel+Extension.m in Sources */ = {isa = PBXBuildFile; fileRef = E12B2AA62A8D16FF0060EA75 /* UILabel+Extension.m */; };
		E152C0482A779A6600E8D628 /* Student.m in Sources */ = {isa = PBXBuildFile; fileRef = E152C0472A779A6600E8D628 /* Student.m */; };
		E17CFB8F2A72679A00364C15 /* AppDelegate.m in Sources */ = {isa = PBXBuildFile; fileRef = E17CFB8E2A72679A00364C15 /* AppDelegate.m */; };
		E17CFB952A72679A00364C15 /* ViewController.m in Sources */ = {isa = PBXBuildFile; fileRef = E17CFB942A72679A00364C15 /* ViewController.m */; };
		E17CFB982A72679A00364C15 /* Main.storyboard in Resources */ = {isa = PBXBuildFile; fileRef = E17CFB962A72679A00364C15 /* Main.storyboard */; };
		E17CFB9A2A72679D00364C15 /* Assets.xcassets in Resources */ = {isa = PBXBuildFile; fileRef = E17CFB992A72679D00364C15 /* Assets.xcassets */; };
		E17CFB9D2A72679D00364C15 /* LaunchScreen.storyboard in Resources */ = {isa = PBXBuildFile; fileRef = E17CFB9B2A72679D00364C15 /* LaunchScreen.storyboard */; };
		E17CFBA02A72679D00364C15 /* main.m in Sources */ = {isa = PBXBuildFile; fileRef = E17CFB9F2A72679D00364C15 /* main.m */; };
		E17CFBAB2A7269CD00364C15 /* Print.m in Sources */ = {isa = PBXBuildFile; fileRef = E17CFBAA2A7269CD00364C15 /* Print.m */; };
		E1816FEF2A7FA0F80007051B /* myTableViewViewController.m in Sources */ = {isa = PBXBuildFile; fileRef = E1816FEE2A7FA0F80007051B /* myTableViewViewController.m */; };
		E1816FF22A7FF2250007051B /* mainViewController.m in Sources */ = {isa = PBXBuildFile; fileRef = E1816FF12A7FF2250007051B /* mainViewController.m */; };
		E1BB94702A7A4B4C00D54720 /* myTableViewCell.m in Sources */ = {isa = PBXBuildFile; fileRef = E1BB946F2A7A4B4C00D54720 /* myTableViewCell.m */; };
		E1D1E8022A82880500BC8A53 /* mainTableViewCell.m in Sources */ = {isa = PBXBuildFile; fileRef = E1D1E8012A82880500BC8A53 /* mainTableViewCell.m */; };
		E1D1E8052A828A6F00BC8A53 /* myCollectionViewViewController.m in Sources */ = {isa = PBXBuildFile; fileRef = E1D1E8042A828A6F00BC8A53 /* myCollectionViewViewController.m */; };
		E1D1E8102A82929200BC8A53 /* myCollectionViewCell.m in Sources */ = {isa = PBXBuildFile; fileRef = E1D1E80F2A82929200BC8A53 /* myCollectionViewCell.m */; };
/* End PBXBuildFile section */

/* Begin PBXFileReference section */
		040B2DF7F5DEB35C923AAF1D /* Pods-study-OC.debug.xcconfig */ = {isa = PBXFileReference; includeInIndex = 1; lastKnownFileType = text.xcconfig; name = "Pods-study-OC.debug.xcconfig"; path = "Target Support Files/Pods-study-OC/Pods-study-OC.debug.xcconfig"; sourceTree = "<group>"; };
		AE3F21838C09F990C56CFF0E /* Pods-study-OC.release.xcconfig */ = {isa = PBXFileReference; includeInIndex = 1; lastKnownFileType = text.xcconfig; name = "Pods-study-OC.release.xcconfig"; path = "Target Support Files/Pods-study-OC/Pods-study-OC.release.xcconfig"; sourceTree = "<group>"; };
		E103E19B2A8D1B1C003EFD59 /* UIImageVIewViewController.h */ = {isa = PBXFileReference; lastKnownFileType = sourcecode.c.h; path = UIImageVIewViewController.h; sourceTree = "<group>"; };
		E103E19C2A8D1B1C003EFD59 /* UIImageVIewViewController.m */ = {isa = PBXFileReference; lastKnownFileType = sourcecode.c.objc; path = UIImageVIewViewController.m; sourceTree = "<group>"; };
		E12B2A972A8D12DC0060EA75 /* UIButtonViewController.h */ = {isa = PBXFileReference; lastKnownFileType = sourcecode.c.h; path = UIButtonViewController.h; sourceTree = "<group>"; };
		E12B2A982A8D12DC0060EA75 /* UIButtonViewController.m */ = {isa = PBXFileReference; lastKnownFileType = sourcecode.c.objc; path = UIButtonViewController.m; sourceTree = "<group>"; };
		E12B2A9A2A8D13000060EA75 /* UIButton+Extension.h */ = {isa = PBXFileReference; lastKnownFileType = sourcecode.c.h; path = "UIButton+Extension.h"; sourceTree = "<group>"; };
		E12B2A9B2A8D13000060EA75 /* UIButton+Extension.m */ = {isa = PBXFileReference; lastKnownFileType = sourcecode.c.objc; path = "UIButton+Extension.m"; sourceTree = "<group>"; };
		E12B2A9E2A8D15250060EA75 /* UITextViewViewController.h */ = {isa = PBXFileReference; lastKnownFileType = sourcecode.c.h; path = UITextViewViewController.h; sourceTree = "<group>"; };
		E12B2A9F2A8D15250060EA75 /* UITextViewViewController.m */ = {isa = PBXFileReference; lastKnownFileType = sourcecode.c.objc; path = UITextViewViewController.m; sourceTree = "<group>"; };
		E12B2AA22A8D16160060EA75 /* UILabelViewController.h */ = {isa = PBXFileReference; lastKnownFileType = sourcecode.c.h; path = UILabelViewController.h; sourceTree = "<group>"; };
		E12B2AA32A8D16160060EA75 /* UILabelViewController.m */ = {isa = PBXFileReference; lastKnownFileType = sourcecode.c.objc; path = UILabelViewController.m; sourceTree = "<group>"; };
		E12B2AA52A8D16FF0060EA75 /* UILabel+Extension.h */ = {isa = PBXFileReference; lastKnownFileType = sourcecode.c.h; path = "UILabel+Extension.h"; sourceTree = "<group>"; };
		E12B2AA62A8D16FF0060EA75 /* UILabel+Extension.m */ = {isa = PBXFileReference; lastKnownFileType = sourcecode.c.objc; path = "UILabel+Extension.m"; sourceTree = "<group>"; };
		E152C0422A7796DB00E8D628 /* myProtocol.h */ = {isa = PBXFileReference; lastKnownFileType = sourcecode.c.h; path = myProtocol.h; sourceTree = "<group>"; };
		E152C0432A77974300E8D628 /* Student.h */ = {isa = PBXFileReference; lastKnownFileType = sourcecode.c.h; path = Student.h; sourceTree = "<group>"; };
		E152C0472A779A6600E8D628 /* Student.m */ = {isa = PBXFileReference; lastKnownFileType = sourcecode.c.objc; path = Student.m; sourceTree = "<group>"; };
		E17CFB8A2A72679A00364C15 /* study-OC.app */ = {isa = PBXFileReference; explicitFileType = wrapper.application; includeInIndex = 0; path = "study-OC.app"; sourceTree = BUILT_PRODUCTS_DIR; };
		E17CFB8D2A72679A00364C15 /* AppDelegate.h */ = {isa = PBXFileReference; lastKnownFileType = sourcecode.c.h; path = AppDelegate.h; sourceTree = "<group>"; };
		E17CFB8E2A72679A00364C15 /* AppDelegate.m */ = {isa = PBXFileReference; lastKnownFileType = sourcecode.c.objc; path = AppDelegate.m; sourceTree = "<group>"; };
		E17CFB932A72679A00364C15 /* ViewController.h */ = {isa = PBXFileReference; lastKnownFileType = sourcecode.c.h; path = ViewController.h; sourceTree = "<group>"; };
		E17CFB942A72679A00364C15 /* ViewController.m */ = {isa = PBXFileReference; lastKnownFileType = sourcecode.c.objc; path = ViewController.m; sourceTree = "<group>"; };
		E17CFB972A72679A00364C15 /* Base */ = {isa = PBXFileReference; lastKnownFileType = file.storyboard; name = Base; path = Base.lproj/Main.storyboard; sourceTree = "<group>"; };
		E17CFB992A72679D00364C15 /* Assets.xcassets */ = {isa = PBXFileReference; lastKnownFileType = folder.assetcatalog; path = Assets.xcassets; sourceTree = "<group>"; };
		E17CFB9C2A72679D00364C15 /* Base */ = {isa = PBXFileReference; lastKnownFileType = file.storyboard; name = Base; path = Base.lproj/LaunchScreen.storyboard; sourceTree = "<group>"; };
		E17CFB9E2A72679D00364C15 /* Info.plist */ = {isa = PBXFileReference; lastKnownFileType = text.plist.xml; path = Info.plist; sourceTree = "<group>"; };
		E17CFB9F2A72679D00364C15 /* main.m */ = {isa = PBXFileReference; lastKnownFileType = sourcecode.c.objc; path = main.m; sourceTree = "<group>"; };
		E17CFBAA2A7269CD00364C15 /* Print.m */ = {isa = PBXFileReference; lastKnownFileType = sourcecode.c.objc; path = Print.m; sourceTree = "<group>"; };
		E17CFBAD2A7269F900364C15 /* Print.h */ = {isa = PBXFileReference; lastKnownFileType = sourcecode.c.h; path = Print.h; sourceTree = "<group>"; };
		E1816FED2A7FA0F80007051B /* myTableViewViewController.h */ = {isa = PBXFileReference; lastKnownFileType = sourcecode.c.h; path = myTableViewViewController.h; sourceTree = "<group>"; };
		E1816FEE2A7FA0F80007051B /* myTableViewViewController.m */ = {isa = PBXFileReference; lastKnownFileType = sourcecode.c.objc; path = myTableViewViewController.m; sourceTree = "<group>"; };
		E1816FF02A7FF2250007051B /* mainViewController.h */ = {isa = PBXFileReference; lastKnownFileType = sourcecode.c.h; path = mainViewController.h; sourceTree = "<group>"; };
		E1816FF12A7FF2250007051B /* mainViewController.m */ = {isa = PBXFileReference; lastKnownFileType = sourcecode.c.objc; path = mainViewController.m; sourceTree = "<group>"; };
		E1BB946E2A7A4B4C00D54720 /* myTableViewCell.h */ = {isa = PBXFileReference; lastKnownFileType = sourcecode.c.h; path = myTableViewCell.h; sourceTree = "<group>"; };
		E1BB946F2A7A4B4C00D54720 /* myTableViewCell.m */ = {isa = PBXFileReference; lastKnownFileType = sourcecode.c.objc; path = myTableViewCell.m; sourceTree = "<group>"; };
		E1D1E8002A82880500BC8A53 /* mainTableViewCell.h */ = {isa = PBXFileReference; lastKnownFileType = sourcecode.c.h; path = mainTableViewCell.h; sourceTree = "<group>"; };
		E1D1E8012A82880500BC8A53 /* mainTableViewCell.m */ = {isa = PBXFileReference; lastKnownFileType = sourcecode.c.objc; path = mainTableViewCell.m; sourceTree = "<group>"; };
		E1D1E8032A828A6F00BC8A53 /* myCollectionViewViewController.h */ = {isa = PBXFileReference; lastKnownFileType = sourcecode.c.h; path = myCollectionViewViewController.h; sourceTree = "<group>"; };
		E1D1E8042A828A6F00BC8A53 /* myCollectionViewViewController.m */ = {isa = PBXFileReference; lastKnownFileType = sourcecode.c.objc; path = myCollectionViewViewController.m; sourceTree = "<group>"; };
		E1D1E80E2A82929200BC8A53 /* myCollectionViewCell.h */ = {isa = PBXFileReference; lastKnownFileType = sourcecode.c.h; path = myCollectionViewCell.h; sourceTree = "<group>"; };
		E1D1E80F2A82929200BC8A53 /* myCollectionViewCell.m */ = {isa = PBXFileReference; lastKnownFileType = sourcecode.c.objc; path = myCollectionViewCell.m; sourceTree = "<group>"; };
		E7E2E418AC23E67CB0E04512 /* Pods_study_OC.framework */ = {isa = PBXFileReference; explicitFileType = wrapper.framework; includeInIndex = 0; path = Pods_study_OC.framework; sourceTree = BUILT_PRODUCTS_DIR; };
/* End PBXFileReference section */

/* Begin PBXFrameworksBuildPhase section */
		E17CFB872A72679A00364C15 /* Frameworks */ = {
			isa = PBXFrameworksBuildPhase;
			buildActionMask = 2147483647;
			files = (
				D77302FA05614DD5DF55A76D /* Pods_study_OC.framework in Frameworks */,
			);
			runOnlyForDeploymentPostprocessing = 0;
		};
/* End PBXFrameworksBuildPhase section */

/* Begin PBXGroup section */
		1B08E94AB05E9D5AFB207620 /* Pods */ = {
			isa = PBXGroup;
			children = (
				040B2DF7F5DEB35C923AAF1D /* Pods-study-OC.debug.xcconfig */,
				AE3F21838C09F990C56CFF0E /* Pods-study-OC.release.xcconfig */,
			);
			path = Pods;
			sourceTree = "<group>";
		};
		DB5F0DCABF13AABF7B0C8CC5 /* Frameworks */ = {
			isa = PBXGroup;
			children = (
				E7E2E418AC23E67CB0E04512 /* Pods_study_OC.framework */,
			);
			name = Frameworks;
			sourceTree = "<group>";
		};
		E103E19A2A8D1B02003EFD59 /* UIImageView */ = {
			isa = PBXGroup;
			children = (
				E103E19B2A8D1B1C003EFD59 /* UIImageVIewViewController.h */,
				E103E19C2A8D1B1C003EFD59 /* UIImageVIewViewController.m */,
			);
			path = UIImageView;
			sourceTree = "<group>";
		};
		E12B2A962A8D12AF0060EA75 /* UIButton */ = {
			isa = PBXGroup;
			children = (
				E12B2A972A8D12DC0060EA75 /* UIButtonViewController.h */,
				E12B2A982A8D12DC0060EA75 /* UIButtonViewController.m */,
				E12B2A9A2A8D13000060EA75 /* UIButton+Extension.h */,
				E12B2A9B2A8D13000060EA75 /* UIButton+Extension.m */,
			);
			path = UIButton;
			sourceTree = "<group>";
		};
		E12B2A9D2A8D14F90060EA75 /* UITextView */ = {
			isa = PBXGroup;
			children = (
				E12B2A9E2A8D15250060EA75 /* UITextViewViewController.h */,
				E12B2A9F2A8D15250060EA75 /* UITextViewViewController.m */,
			);
			path = UITextView;
			sourceTree = "<group>";
		};
		E12B2AA12A8D15FC0060EA75 /* UILabel */ = {
			isa = PBXGroup;
			children = (
				E12B2AA22A8D16160060EA75 /* UILabelViewController.h */,
				E12B2AA32A8D16160060EA75 /* UILabelViewController.m */,
				E12B2AA52A8D16FF0060EA75 /* UILabel+Extension.h */,
				E12B2AA62A8D16FF0060EA75 /* UILabel+Extension.m */,
			);
			path = UILabel;
			sourceTree = "<group>";
		};
		E15692EF2A7B94A800A77A04 /* Model */ = {
			isa = PBXGroup;
			children = (
				E17CFBAD2A7269F900364C15 /* Print.h */,
				E17CFBAA2A7269CD00364C15 /* Print.m */,
				E152C0432A77974300E8D628 /* Student.h */,
				E152C0472A779A6600E8D628 /* Student.m */,
			);
			path = Model;
			sourceTree = "<group>";
		};
		E15692F02A7B94BA00A77A04 /* Controllers */ = {
			isa = PBXGroup;
			children = (
				E12B2A962A8D12AF0060EA75 /* UIButton */,
				E12B2AA12A8D15FC0060EA75 /* UILabel */,
				E12B2A9D2A8D14F90060EA75 /* UITextView */,
				E103E19A2A8D1B02003EFD59 /* UIImageView */,
				E1816FEB2A7FA0C30007051B /* UITableView */,
				E1D1E8062A828A7E00BC8A53 /* myCollectionView */,
				E1816FF02A7FF2250007051B /* mainViewController.h */,
				E1816FF12A7FF2250007051B /* mainViewController.m */,
				E1D1E8002A82880500BC8A53 /* mainTableViewCell.h */,
				E1D1E8012A82880500BC8A53 /* mainTableViewCell.m */,
			);
			path = Controllers;
			sourceTree = "<group>";
		};
		E15692F12A7B94E700A77A04 /* Cells */ = {
			isa = PBXGroup;
			children = (
				E1BB946E2A7A4B4C00D54720 /* myTableViewCell.h */,
				E1BB946F2A7A4B4C00D54720 /* myTableViewCell.m */,
			);
			path = Cells;
			sourceTree = "<group>";
		};
		E17CFB812A72679A00364C15 = {
			isa = PBXGroup;
			children = (
				E17CFB8C2A72679A00364C15 /* study-OC */,
				E17CFB8B2A72679A00364C15 /* Products */,
				1B08E94AB05E9D5AFB207620 /* Pods */,
				DB5F0DCABF13AABF7B0C8CC5 /* Frameworks */,
			);
			sourceTree = "<group>";
		};
		E17CFB8B2A72679A00364C15 /* Products */ = {
			isa = PBXGroup;
			children = (
				E17CFB8A2A72679A00364C15 /* study-OC.app */,
			);
			name = Products;
			sourceTree = "<group>";
		};
		E17CFB8C2A72679A00364C15 /* study-OC */ = {
			isa = PBXGroup;
			children = (
				E17CFB9F2A72679D00364C15 /* main.m */,
				E17CFB8D2A72679A00364C15 /* AppDelegate.h */,
				E17CFB8E2A72679A00364C15 /* AppDelegate.m */,
				E17CFB932A72679A00364C15 /* ViewController.h */,
				E17CFB942A72679A00364C15 /* ViewController.m */,
				E152C0422A7796DB00E8D628 /* myProtocol.h */,
				E15692F02A7B94BA00A77A04 /* Controllers */,
				E15692EF2A7B94A800A77A04 /* Model */,
				E17CFB962A72679A00364C15 /* Main.storyboard */,
				E17CFB9B2A72679D00364C15 /* LaunchScreen.storyboard */,
				E17CFB992A72679D00364C15 /* Assets.xcassets */,
				E17CFB9E2A72679D00364C15 /* Info.plist */,
			);
			path = "study-OC";
			sourceTree = "<group>";
		};
		E1816FEB2A7FA0C30007051B /* UITableView */ = {
			isa = PBXGroup;
			children = (
				E15692F12A7B94E700A77A04 /* Cells */,
				E1816FED2A7FA0F80007051B /* myTableViewViewController.h */,
				E1816FEE2A7FA0F80007051B /* myTableViewViewController.m */,
			);
			path = UITableView;
			sourceTree = "<group>";
		};
		E1D1E8062A828A7E00BC8A53 /* myCollectionView */ = {
			isa = PBXGroup;
			children = (
				E1D1E80D2A82928900BC8A53 /* Cells */,
				E1D1E8032A828A6F00BC8A53 /* myCollectionViewViewController.h */,
				E1D1E8042A828A6F00BC8A53 /* myCollectionViewViewController.m */,
			);
			path = myCollectionView;
			sourceTree = "<group>";
		};
		E1D1E80D2A82928900BC8A53 /* Cells */ = {
			isa = PBXGroup;
			children = (
				E1D1E80E2A82929200BC8A53 /* myCollectionViewCell.h */,
				E1D1E80F2A82929200BC8A53 /* myCollectionViewCell.m */,
			);
			path = Cells;
			sourceTree = "<group>";
		};
/* End PBXGroup section */

/* Begin PBXNativeTarget section */
		E17CFB892A72679A00364C15 /* study-OC */ = {
			isa = PBXNativeTarget;
			buildConfigurationList = E17CFBA32A72679D00364C15 /* Build configuration list for PBXNativeTarget "study-OC" */;
			buildPhases = (
				63C594C72638B4AADF64B0D4 /* [CP] Check Pods Manifest.lock */,
				E17CFB862A72679A00364C15 /* Sources */,
				E17CFB872A72679A00364C15 /* Frameworks */,
				E17CFB882A72679A00364C15 /* Resources */,
				74516CEAE31D226550F39C74 /* [CP] Embed Pods Frameworks */,
			);
			buildRules = (
			);
			dependencies = (
			);
			name = "study-OC";
			productName = "study-OC";
			productReference = E17CFB8A2A72679A00364C15 /* study-OC.app */;
			productType = "com.apple.product-type.application";
		};
/* End PBXNativeTarget section */

/* Begin PBXProject section */
		E17CFB822A72679A00364C15 /* Project object */ = {
			isa = PBXProject;
			attributes = {
				BuildIndependentTargetsInParallel = 1;
				LastUpgradeCheck = 1420;
				TargetAttributes = {
					E17CFB892A72679A00364C15 = {
						CreatedOnToolsVersion = 14.2;
					};
				};
			};
			buildConfigurationList = E17CFB852A72679A00364C15 /* Build configuration list for PBXProject "study-OC" */;
			compatibilityVersion = "Xcode 14.0";
			developmentRegion = en;
			hasScannedForEncodings = 0;
			knownRegions = (
				en,
				Base,
			);
			mainGroup = E17CFB812A72679A00364C15;
			productRefGroup = E17CFB8B2A72679A00364C15 /* Products */;
			projectDirPath = "";
			projectRoot = "";
			targets = (
				E17CFB892A72679A00364C15 /* study-OC */,
			);
		};
/* End PBXProject section */

/* Begin PBXResourcesBuildPhase section */
		E17CFB882A72679A00364C15 /* Resources */ = {
			isa = PBXResourcesBuildPhase;
			buildActionMask = 2147483647;
			files = (
				E17CFB9D2A72679D00364C15 /* LaunchScreen.storyboard in Resources */,
				E17CFB9A2A72679D00364C15 /* Assets.xcassets in Resources */,
				E17CFB982A72679A00364C15 /* Main.storyboard in Resources */,
			);
			runOnlyForDeploymentPostprocessing = 0;
		};
/* End PBXResourcesBuildPhase section */

/* Begin PBXShellScriptBuildPhase section */
		63C594C72638B4AADF64B0D4 /* [CP] Check Pods Manifest.lock */ = {
			isa = PBXShellScriptBuildPhase;
			buildActionMask = 2147483647;
			files = (
			);
			inputFileListPaths = (
			);
			inputPaths = (
				"${PODS_PODFILE_DIR_PATH}/Podfile.lock",
				"${PODS_ROOT}/Manifest.lock",
			);
			name = "[CP] Check Pods Manifest.lock";
			outputFileListPaths = (
			);
			outputPaths = (
				"$(DERIVED_FILE_DIR)/Pods-study-OC-checkManifestLockResult.txt",
			);
			runOnlyForDeploymentPostprocessing = 0;
			shellPath = /bin/sh;
			shellScript = "diff \"${PODS_PODFILE_DIR_PATH}/Podfile.lock\" \"${PODS_ROOT}/Manifest.lock\" > /dev/null\nif [ $? != 0 ] ; then\n    # print error to STDERR\n    echo \"error: The sandbox is not in sync with the Podfile.lock. Run 'pod install' or update your CocoaPods installation.\" >&2\n    exit 1\nfi\n# This output is used by Xcode 'outputs' to avoid re-running this script phase.\necho \"SUCCESS\" > \"${SCRIPT_OUTPUT_FILE_0}\"\n";
			showEnvVarsInLog = 0;
		};
		74516CEAE31D226550F39C74 /* [CP] Embed Pods Frameworks */ = {
			isa = PBXShellScriptBuildPhase;
			buildActionMask = 2147483647;
			files = (
			);
			inputFileListPaths = (
				"${PODS_ROOT}/Target Support Files/Pods-study-OC/Pods-study-OC-frameworks-${CONFIGURATION}-input-files.xcfilelist",
			);
			name = "[CP] Embed Pods Frameworks";
			outputFileListPaths = (
				"${PODS_ROOT}/Target Support Files/Pods-study-OC/Pods-study-OC-frameworks-${CONFIGURATION}-output-files.xcfilelist",
			);
			runOnlyForDeploymentPostprocessing = 0;
			shellPath = /bin/sh;
			shellScript = "\"${PODS_ROOT}/Target Support Files/Pods-study-OC/Pods-study-OC-frameworks.sh\"\n";
			showEnvVarsInLog = 0;
		};
/* End PBXShellScriptBuildPhase section */

/* Begin PBXSourcesBuildPhase section */
		E17CFB862A72679A00364C15 /* Sources */ = {
			isa = PBXSourcesBuildPhase;
			buildActionMask = 2147483647;
			files = (
				E12B2AA02A8D15250060EA75 /* UITextViewViewController.m in Sources */,
				E1D1E8052A828A6F00BC8A53 /* myCollectionViewViewController.m in Sources */,
				E1BB94702A7A4B4C00D54720 /* myTableViewCell.m in Sources */,
				E1D1E8102A82929200BC8A53 /* myCollectionViewCell.m in Sources */,
				E12B2AA72A8D16FF0060EA75 /* UILabel+Extension.m in Sources */,
				E1D1E8022A82880500BC8A53 /* mainTableViewCell.m in Sources */,
				E17CFB952A72679A00364C15 /* ViewController.m in Sources */,
				E17CFB8F2A72679A00364C15 /* AppDelegate.m in Sources */,
				E17CFBAB2A7269CD00364C15 /* Print.m in Sources */,
				E12B2AA42A8D16160060EA75 /* UILabelViewController.m in Sources */,
				E17CFBA02A72679D00364C15 /* main.m in Sources */,
				E12B2A992A8D12DC0060EA75 /* UIButtonViewController.m in Sources */,
				E103E19D2A8D1B1C003EFD59 /* UIImageVIewViewController.m in Sources */,
				E1816FF22A7FF2250007051B /* mainViewController.m in Sources */,
				E1816FEF2A7FA0F80007051B /* myTableViewViewController.m in Sources */,
				E12B2A9C2A8D13000060EA75 /* UIButton+Extension.m in Sources */,
				E152C0482A779A6600E8D628 /* Student.m in Sources */,
			);
			runOnlyForDeploymentPostprocessing = 0;
		};
/* End PBXSourcesBuildPhase section */

/* Begin PBXVariantGroup section */
		E17CFB962A72679A00364C15 /* Main.storyboard */ = {
			isa = PBXVariantGroup;
			children = (
				E17CFB972A72679A00364C15 /* Base */,
			);
			name = Main.storyboard;
			sourceTree = "<group>";
		};
		E17CFB9B2A72679D00364C15 /* LaunchScreen.storyboard */ = {
			isa = PBXVariantGroup;
			children = (
				E17CFB9C2A72679D00364C15 /* Base */,
			);
			name = LaunchScreen.storyboard;
			sourceTree = "<group>";
		};
/* End PBXVariantGroup section */

/* Begin XCBuildConfiguration section */
		E17CFBA12A72679D00364C15 /* Debug */ = {
			isa = XCBuildConfiguration;
			buildSettings = {
				ALWAYS_SEARCH_USER_PATHS = NO;
				CLANG_ANALYZER_NONNULL = YES;
				CLANG_ANALYZER_NUMBER_OBJECT_CONVERSION = YES_AGGRESSIVE;
				CLANG_CXX_LANGUAGE_STANDARD = "gnu++20";
				CLANG_ENABLE_MODULES = YES;
				CLANG_ENABLE_OBJC_ARC = YES;
				CLANG_ENABLE_OBJC_WEAK = YES;
				CLANG_WARN_BLOCK_CAPTURE_AUTORELEASING = YES;
				CLANG_WARN_BOOL_CONVERSION = YES;
				CLANG_WARN_COMMA = YES;
				CLANG_WARN_CONSTANT_CONVERSION = YES;
				CLANG_WARN_DEPRECATED_OBJC_IMPLEMENTATIONS = YES;
				CLANG_WARN_DIRECT_OBJC_ISA_USAGE = YES_ERROR;
				CLANG_WARN_DOCUMENTATION_COMMENTS = YES;
				CLANG_WARN_EMPTY_BODY = YES;
				CLANG_WARN_ENUM_CONVERSION = YES;
				CLANG_WARN_INFINITE_RECURSION = YES;
				CLANG_WARN_INT_CONVERSION = YES;
				CLANG_WARN_NON_LITERAL_NULL_CONVERSION = YES;
				CLANG_WARN_OBJC_IMPLICIT_RETAIN_SELF = YES;
				CLANG_WARN_OBJC_LITERAL_CONVERSION = YES;
				CLANG_WARN_OBJC_ROOT_CLASS = YES_ERROR;
				CLANG_WARN_QUOTED_INCLUDE_IN_FRAMEWORK_HEADER = YES;
				CLANG_WARN_RANGE_LOOP_ANALYSIS = YES;
				CLANG_WARN_STRICT_PROTOTYPES = YES;
				CLANG_WARN_SUSPICIOUS_MOVE = YES;
				CLANG_WARN_UNGUARDED_AVAILABILITY = YES_AGGRESSIVE;
				CLANG_WARN_UNREACHABLE_CODE = YES;
				CLANG_WARN__DUPLICATE_METHOD_MATCH = YES;
				COPY_PHASE_STRIP = NO;
				DEBUG_INFORMATION_FORMAT = dwarf;
				ENABLE_STRICT_OBJC_MSGSEND = YES;
				ENABLE_TESTABILITY = YES;
				GCC_C_LANGUAGE_STANDARD = gnu11;
				GCC_DYNAMIC_NO_PIC = NO;
				GCC_NO_COMMON_BLOCKS = YES;
				GCC_OPTIMIZATION_LEVEL = 0;
				GCC_PREPROCESSOR_DEFINITIONS = (
					"DEBUG=1",
					"$(inherited)",
				);
				GCC_WARN_64_TO_32_BIT_CONVERSION = YES;
				GCC_WARN_ABOUT_RETURN_TYPE = YES_ERROR;
				GCC_WARN_UNDECLARED_SELECTOR = YES;
				GCC_WARN_UNINITIALIZED_AUTOS = YES_AGGRESSIVE;
				GCC_WARN_UNUSED_FUNCTION = YES;
				GCC_WARN_UNUSED_VARIABLE = YES;
				IPHONEOS_DEPLOYMENT_TARGET = 16.2;
				MTL_ENABLE_DEBUG_INFO = INCLUDE_SOURCE;
				MTL_FAST_MATH = YES;
				ONLY_ACTIVE_ARCH = YES;
				SDKROOT = iphoneos;
			};
			name = Debug;
		};
		E17CFBA22A72679D00364C15 /* Release */ = {
			isa = XCBuildConfiguration;
			buildSettings = {
				ALWAYS_SEARCH_USER_PATHS = NO;
				CLANG_ANALYZER_NONNULL = YES;
				CLANG_ANALYZER_NUMBER_OBJECT_CONVERSION = YES_AGGRESSIVE;
				CLANG_CXX_LANGUAGE_STANDARD = "gnu++20";
				CLANG_ENABLE_MODULES = YES;
				CLANG_ENABLE_OBJC_ARC = YES;
				CLANG_ENABLE_OBJC_WEAK = YES;
				CLANG_WARN_BLOCK_CAPTURE_AUTORELEASING = YES;
				CLANG_WARN_BOOL_CONVERSION = YES;
				CLANG_WARN_COMMA = YES;
				CLANG_WARN_CONSTANT_CONVERSION = YES;
				CLANG_WARN_DEPRECATED_OBJC_IMPLEMENTATIONS = YES;
				CLANG_WARN_DIRECT_OBJC_ISA_USAGE = YES_ERROR;
				CLANG_WARN_DOCUMENTATION_COMMENTS = YES;
				CLANG_WARN_EMPTY_BODY = YES;
				CLANG_WARN_ENUM_CONVERSION = YES;
				CLANG_WARN_INFINITE_RECURSION = YES;
				CLANG_WARN_INT_CONVERSION = YES;
				CLANG_WARN_NON_LITERAL_NULL_CONVERSION = YES;
				CLANG_WARN_OBJC_IMPLICIT_RETAIN_SELF = YES;
				CLANG_WARN_OBJC_LITERAL_CONVERSION = YES;
				CLANG_WARN_OBJC_ROOT_CLASS = YES_ERROR;
				CLANG_WARN_QUOTED_INCLUDE_IN_FRAMEWORK_HEADER = YES;
				CLANG_WARN_RANGE_LOOP_ANALYSIS = YES;
				CLANG_WARN_STRICT_PROTOTYPES = YES;
				CLANG_WARN_SUSPICIOUS_MOVE = YES;
				CLANG_WARN_UNGUARDED_AVAILABILITY = YES_AGGRESSIVE;
				CLANG_WARN_UNREACHABLE_CODE = YES;
				CLANG_WARN__DUPLICATE_METHOD_MATCH = YES;
				COPY_PHASE_STRIP = NO;
				DEBUG_INFORMATION_FORMAT = "dwarf-with-dsym";
				ENABLE_NS_ASSERTIONS = NO;
				ENABLE_STRICT_OBJC_MSGSEND = YES;
				GCC_C_LANGUAGE_STANDARD = gnu11;
				GCC_NO_COMMON_BLOCKS = YES;
				GCC_WARN_64_TO_32_BIT_CONVERSION = YES;
				GCC_WARN_ABOUT_RETURN_TYPE = YES_ERROR;
				GCC_WARN_UNDECLARED_SELECTOR = YES;
				GCC_WARN_UNINITIALIZED_AUTOS = YES_AGGRESSIVE;
				GCC_WARN_UNUSED_FUNCTION = YES;
				GCC_WARN_UNUSED_VARIABLE = YES;
				IPHONEOS_DEPLOYMENT_TARGET = 16.2;
				MTL_ENABLE_DEBUG_INFO = NO;
				MTL_FAST_MATH = YES;
				SDKROOT = iphoneos;
				VALIDATE_PRODUCT = YES;
			};
			name = Release;
		};
		E17CFBA42A72679D00364C15 /* Debug */ = {
			isa = XCBuildConfiguration;
			baseConfigurationReference = 040B2DF7F5DEB35C923AAF1D /* Pods-study-OC.debug.xcconfig */;
			buildSettings = {
				ASSETCATALOG_COMPILER_APPICON_NAME = AppIcon;
				ASSETCATALOG_COMPILER_GLOBAL_ACCENT_COLOR_NAME = AccentColor;
				CODE_SIGN_STYLE = Automatic;
				CURRENT_PROJECT_VERSION = 1;
				DEVELOPMENT_TEAM = 68X2T9FH6C;
				GENERATE_INFOPLIST_FILE = YES;
				INFOPLIST_FILE = "study-OC/Info.plist";
				INFOPLIST_KEY_UIApplicationSupportsIndirectInputEvents = YES;
				INFOPLIST_KEY_UILaunchStoryboardName = LaunchScreen;
				INFOPLIST_KEY_UIMainStoryboardFile = Main;
				INFOPLIST_KEY_UISupportedInterfaceOrientations_iPad = "UIInterfaceOrientationPortrait UIInterfaceOrientationPortraitUpsideDown UIInterfaceOrientationLandscapeLeft UIInterfaceOrientationLandscapeRight";
				INFOPLIST_KEY_UISupportedInterfaceOrientations_iPhone = "UIInterfaceOrientationPortrait UIInterfaceOrientationLandscapeLeft UIInterfaceOrientationLandscapeRight";
				IPHONEOS_DEPLOYMENT_TARGET = 12.0;
				LD_RUNPATH_SEARCH_PATHS = (
					"$(inherited)",
					"@executable_path/Frameworks",
				);
				MARKETING_VERSION = 1.0;
				PRODUCT_BUNDLE_IDENTIFIER = "com.danjiu.study-OC";
				PRODUCT_NAME = "$(TARGET_NAME)";
				SWIFT_EMIT_LOC_STRINGS = YES;
				TARGETED_DEVICE_FAMILY = "1,2";
			};
			name = Debug;
		};
		E17CFBA52A72679D00364C15 /* Release */ = {
			isa = XCBuildConfiguration;
			baseConfigurationReference = AE3F21838C09F990C56CFF0E /* Pods-study-OC.release.xcconfig */;
			buildSettings = {
				ASSETCATALOG_COMPILER_APPICON_NAME = AppIcon;
				ASSETCATALOG_COMPILER_GLOBAL_ACCENT_COLOR_NAME = AccentColor;
				CODE_SIGN_STYLE = Automatic;
				CURRENT_PROJECT_VERSION = 1;
				DEVELOPMENT_TEAM = 68X2T9FH6C;
				GENERATE_INFOPLIST_FILE = YES;
				INFOPLIST_FILE = "study-OC/Info.plist";
				INFOPLIST_KEY_UIApplicationSupportsIndirectInputEvents = YES;
				INFOPLIST_KEY_UILaunchStoryboardName = LaunchScreen;
				INFOPLIST_KEY_UIMainStoryboardFile = Main;
				INFOPLIST_KEY_UISupportedInterfaceOrientations_iPad = "UIInterfaceOrientationPortrait UIInterfaceOrientationPortraitUpsideDown UIInterfaceOrientationLandscapeLeft UIInterfaceOrientationLandscapeRight";
				INFOPLIST_KEY_UISupportedInterfaceOrientations_iPhone = "UIInterfaceOrientationPortrait UIInterfaceOrientationLandscapeLeft UIInterfaceOrientationLandscapeRight";
				IPHONEOS_DEPLOYMENT_TARGET = 12.0;
				LD_RUNPATH_SEARCH_PATHS = (
					"$(inherited)",
					"@executable_path/Frameworks",
				);
				MARKETING_VERSION = 1.0;
				PRODUCT_BUNDLE_IDENTIFIER = "com.danjiu.study-OC";
				PRODUCT_NAME = "$(TARGET_NAME)";
				SWIFT_EMIT_LOC_STRINGS = YES;
				TARGETED_DEVICE_FAMILY = "1,2";
			};
			name = Release;
		};
/* End XCBuildConfiguration section */

/* Begin XCConfigurationList section */
		E17CFB852A72679A00364C15 /* Build configuration list for PBXProject "study-OC" */ = {
			isa = XCConfigurationList;
			buildConfigurations = (
				E17CFBA12A72679D00364C15 /* Debug */,
				E17CFBA22A72679D00364C15 /* Release */,
			);
			defaultConfigurationIsVisible = 0;
			defaultConfigurationName = Release;
		};
		E17CFBA32A72679D00364C15 /* Build configuration list for PBXNativeTarget "study-OC" */ = {
			isa = XCConfigurationList;
			buildConfigurations = (
				E17CFBA42A72679D00364C15 /* Debug */,
				E17CFBA52A72679D00364C15 /* Release */,
			);
			defaultConfigurationIsVisible = 0;
			defaultConfigurationName = Release;
		};
/* End XCConfigurationList section */
	};
	rootObject = E17CFB822A72679A00364C15 /* Project object */;
}
